
Microsoft Visual Studio Solution File, Format Version 12.00
# Visual Studio Version 17
VisualStudioVersion = 17.9.34701.34
MinimumVisualStudioVersion = 10.0.40219.1
Project("{FAE04EC0-301F-11D3-BF4B-00C04F79EFBC}") = "WebApplication8", "WebApplication8\WebApplication8.csproj", "{3046F559-3665-45BF-A443-99287122D5A3}"
EndProject
Global
	GlobalSection(SolutionConfigurationPlatforms) = preSolution
		Debug|Any CPU = Debug|Any CPU
		Release|Any CPU = Release|Any CPU
	EndGlobalSection
	GlobalSection(ProjectConfigurationPlatforms) = postSolution
		{3046F559-3665-45BF-A443-99287122D5A3}.Debug|Any CPU.ActiveCfg = Debug|Any CPU
		{3046F559-3665-45BF-A443-99287122D5A3}.Debug|Any CPU.Build.0 = Debug|Any CPU
		{3046F559-3665-45BF-A443-99287122D5A3}.Release|Any CPU.ActiveCfg = Release|Any CPU
		{3046F559-3665-45BF-A443-99287122D5A3}.Release|Any CPU.Build.0 = Release|Any CPU
	EndGlobalSection
	GlobalSection(SolutionProperties) = preSolution
		HideSolutionNode = FALSE
	EndGlobalSection
	GlobalSection(ExtensibilityGlobals) = postSolution
		SolutionGuid = {BC4AE9EA-0B88-4E18-AF9E-21CDD000DE1D}
	EndGlobalSection
EndGlobal
